
Microsoft Visual Studio Solution File, Format Version 12.00
# Visual Studio Version 16
VisualStudioVersion = 16.0.29519.87
MinimumVisualStudioVersion = 10.0.40219.1
Project("{FAE04EC0-301F-11D3-BF4B-00C04F79EFBC}") = "lab6", "lab6\lab6.csproj", "{96F791A0-603D-485B-8C02-2E808F71160B}"
EndProject
Project("{FAE04EC0-301F-11D3-BF4B-00C04F79EFBC}") = "lab6.2", "lab6.2\lab6.2.csproj", "{77AAB2E0-CE79-41FC-B5F9-2A3930959F12}"
EndProject
Global
	GlobalSection(SolutionConfigurationPlatforms) = preSolution
		Debug|Any CPU = Debug|Any CPU
		Release|Any CPU = Release|Any CPU
	EndGlobalSection
	GlobalSection(ProjectConfigurationPlatforms) = postSolution
		{96F791A0-603D-485B-8C02-2E808F71160B}.Debug|Any CPU.ActiveCfg = Debug|Any CPU
		{96F791A0-603D-485B-8C02-2E808F71160B}.Debug|Any CPU.Build.0 = Debug|Any CPU
		{96F791A0-603D-485B-8C02-2E808F71160B}.Release|Any CPU.ActiveCfg = Release|Any CPU
		{96F791A0-603D-485B-8C02-2E808F71160B}.Release|Any CPU.Build.0 = Release|Any CPU
		{77AAB2E0-CE79-41FC-B5F9-2A3930959F12}.Debug|Any CPU.ActiveCfg = Debug|Any CPU
		{77AAB2E0-CE79-41FC-B5F9-2A3930959F12}.Debug|Any CPU.Build.0 = Debug|Any CPU
		{77AAB2E0-CE79-41FC-B5F9-2A3930959F12}.Release|Any CPU.ActiveCfg = Release|Any CPU
		{77AAB2E0-CE79-41FC-B5F9-2A3930959F12}.Release|Any CPU.Build.0 = Release|Any CPU
	EndGlobalSection
	GlobalSection(SolutionProperties) = preSolution
		HideSolutionNode = FALSE
	EndGlobalSection
	GlobalSection(ExtensibilityGlobals) = postSolution
		SolutionGuid = {02068471-CBCB-443B-BF1D-F782DC9F5A2A}
	EndGlobalSection
EndGlobal
